// !$*UTF8*$!
{
	archiveVersion = 1;
	classes = {
	};
	objectVersion = 56;
	objects = {

/* Begin PBXBuildFile section */
		7760CFBD29A76A0C0015FB6E /* AppDelegate.swift in Sources */ = {isa = PBXBuildFile; fileRef = 7760CFBC29A76A0C0015FB6E /* AppDelegate.swift */; };
		7760CFBF29A76A0C0015FB6E /* SceneDelegate.swift in Sources */ = {isa = PBXBuildFile; fileRef = 7760CFBE29A76A0C0015FB6E /* SceneDelegate.swift */; };
		7760CFC129A76A0C0015FB6E /* RMTabBarController.swift in Sources */ = {isa = PBXBuildFile; fileRef = 7760CFC029A76A0C0015FB6E /* RMTabBarController.swift */; };
		7760CFC629A76A0E0015FB6E /* Assets.xcassets in Resources */ = {isa = PBXBuildFile; fileRef = 7760CFC529A76A0E0015FB6E /* Assets.xcassets */; };
		7760CFC929A76A0E0015FB6E /* LaunchScreen.storyboard in Resources */ = {isa = PBXBuildFile; fileRef = 7760CFC729A76A0E0015FB6E /* LaunchScreen.storyboard */; };
		7760CFD829A772BA0015FB6E /* RMLocation.swift in Sources */ = {isa = PBXBuildFile; fileRef = 7760CFD729A772BA0015FB6E /* RMLocation.swift */; };
		7760CFDA29A772C50015FB6E /* RMEpisode.swift in Sources */ = {isa = PBXBuildFile; fileRef = 7760CFD929A772C50015FB6E /* RMEpisode.swift */; };
		7760CFDC29A772D00015FB6E /* RMCharacter.swift in Sources */ = {isa = PBXBuildFile; fileRef = 7760CFDB29A772D00015FB6E /* RMCharacter.swift */; };
		7760CFDF29A773A50015FB6E /* RMCharacterViewController.swift in Sources */ = {isa = PBXBuildFile; fileRef = 7760CFDE29A773A50015FB6E /* RMCharacterViewController.swift */; };
		7760CFE129A773C40015FB6E /* RMLocationViewController.swift in Sources */ = {isa = PBXBuildFile; fileRef = 7760CFE029A773C40015FB6E /* RMLocationViewController.swift */; };
		7760CFE329A773D50015FB6E /* RMEpisodeViewController.swift in Sources */ = {isa = PBXBuildFile; fileRef = 7760CFE229A773D50015FB6E /* RMEpisodeViewController.swift */; };
		7760CFE529A773E90015FB6E /* RMSettingsViewController.swift in Sources */ = {isa = PBXBuildFile; fileRef = 7760CFE429A773E90015FB6E /* RMSettingsViewController.swift */; };
/* End PBXBuildFile section */

/* Begin PBXFileReference section */
		7760CFB929A76A0C0015FB6E /* RickAndMorty.app */ = {isa = PBXFileReference; explicitFileType = wrapper.application; includeInIndex = 0; path = RickAndMorty.app; sourceTree = BUILT_PRODUCTS_DIR; };
		7760CFBC29A76A0C0015FB6E /* AppDelegate.swift */ = {isa = PBXFileReference; lastKnownFileType = sourcecode.swift; path = AppDelegate.swift; sourceTree = "<group>"; };
		7760CFBE29A76A0C0015FB6E /* SceneDelegate.swift */ = {isa = PBXFileReference; lastKnownFileType = sourcecode.swift; path = SceneDelegate.swift; sourceTree = "<group>"; };
		7760CFC029A76A0C0015FB6E /* RMTabBarController.swift */ = {isa = PBXFileReference; lastKnownFileType = sourcecode.swift; path = RMTabBarController.swift; sourceTree = "<group>"; };
		7760CFC529A76A0E0015FB6E /* Assets.xcassets */ = {isa = PBXFileReference; lastKnownFileType = folder.assetcatalog; path = Assets.xcassets; sourceTree = "<group>"; };
		7760CFC829A76A0E0015FB6E /* Base */ = {isa = PBXFileReference; lastKnownFileType = file.storyboard; name = Base; path = Base.lproj/LaunchScreen.storyboard; sourceTree = "<group>"; };
		7760CFCA29A76A0E0015FB6E /* Info.plist */ = {isa = PBXFileReference; lastKnownFileType = text.plist.xml; path = Info.plist; sourceTree = "<group>"; };
		7760CFD729A772BA0015FB6E /* RMLocation.swift */ = {isa = PBXFileReference; lastKnownFileType = sourcecode.swift; path = RMLocation.swift; sourceTree = "<group>"; };
		7760CFD929A772C50015FB6E /* RMEpisode.swift */ = {isa = PBXFileReference; lastKnownFileType = sourcecode.swift; path = RMEpisode.swift; sourceTree = "<group>"; };
		7760CFDB29A772D00015FB6E /* RMCharacter.swift */ = {isa = PBXFileReference; lastKnownFileType = sourcecode.swift; path = RMCharacter.swift; sourceTree = "<group>"; };
		7760CFDE29A773A50015FB6E /* RMCharacterViewController.swift */ = {isa = PBXFileReference; lastKnownFileType = sourcecode.swift; path = RMCharacterViewController.swift; sourceTree = "<group>"; };
		7760CFE029A773C40015FB6E /* RMLocationViewController.swift */ = {isa = PBXFileReference; lastKnownFileType = sourcecode.swift; path = RMLocationViewController.swift; sourceTree = "<group>"; };
		7760CFE229A773D50015FB6E /* RMEpisodeViewController.swift */ = {isa = PBXFileReference; lastKnownFileType = sourcecode.swift; path = RMEpisodeViewController.swift; sourceTree = "<group>"; };
		7760CFE429A773E90015FB6E /* RMSettingsViewController.swift */ = {isa = PBXFileReference; lastKnownFileType = sourcecode.swift; path = RMSettingsViewController.swift; sourceTree = "<group>"; };
/* End PBXFileReference section */

/* Begin PBXFrameworksBuildPhase section */
		7760CFB629A76A0C0015FB6E /* Frameworks */ = {
			isa = PBXFrameworksBuildPhase;
			buildActionMask = 2147483647;
			files = (
			);
			runOnlyForDeploymentPostprocessing = 0;
		};
/* End PBXFrameworksBuildPhase section */

/* Begin PBXGroup section */
		7760CFB029A76A0C0015FB6E = {
			isa = PBXGroup;
			children = (
				7760CFBB29A76A0C0015FB6E /* RickAndMorty */,
				7760CFBA29A76A0C0015FB6E /* Products */,
			);
			sourceTree = "<group>";
		};
		7760CFBA29A76A0C0015FB6E /* Products */ = {
			isa = PBXGroup;
			children = (
				7760CFB929A76A0C0015FB6E /* RickAndMorty.app */,
			);
			name = Products;
			sourceTree = "<group>";
		};
		7760CFBB29A76A0C0015FB6E /* RickAndMorty */ = {
			isa = PBXGroup;
			children = (
				7760CFD629A770760015FB6E /* Resources */,
				7760CFD529A7705D0015FB6E /* APIClients */,
				7760CFD429A7704E0015FB6E /* Managers */,
				7760CFD329A770460015FB6E /* ViewModels */,
				7760CFD229A770400015FB6E /* Views */,
				7760CFD129A770350015FB6E /* Models */,
				7760CFD029A770250015FB6E /* Controllers */,
				7760CFCA29A76A0E0015FB6E /* Info.plist */,
			);
			path = RickAndMorty;
			sourceTree = "<group>";
		};
		7760CFD029A770250015FB6E /* Controllers */ = {
			isa = PBXGroup;
			children = (
				7760CFDD29A773570015FB6E /* Core */,
			);
			path = Controllers;
			sourceTree = "<group>";
		};
		7760CFD129A770350015FB6E /* Models */ = {
			isa = PBXGroup;
			children = (
				7760CFD729A772BA0015FB6E /* RMLocation.swift */,
				7760CFD929A772C50015FB6E /* RMEpisode.swift */,
				7760CFDB29A772D00015FB6E /* RMCharacter.swift */,
			);
			path = Models;
			sourceTree = "<group>";
		};
		7760CFD229A770400015FB6E /* Views */ = {
			isa = PBXGroup;
			children = (
			);
			path = Views;
			sourceTree = "<group>";
		};
		7760CFD329A770460015FB6E /* ViewModels */ = {
			isa = PBXGroup;
			children = (
			);
			path = ViewModels;
			sourceTree = "<group>";
		};
		7760CFD429A7704E0015FB6E /* Managers */ = {
			isa = PBXGroup;
			children = (
			);
			path = Managers;
			sourceTree = "<group>";
		};
		7760CFD529A7705D0015FB6E /* APIClients */ = {
			isa = PBXGroup;
			children = (
			);
			path = APIClients;
			sourceTree = "<group>";
		};
		7760CFD629A770760015FB6E /* Resources */ = {
			isa = PBXGroup;
			children = (
				7760CFBC29A76A0C0015FB6E /* AppDelegate.swift */,
				7760CFBE29A76A0C0015FB6E /* SceneDelegate.swift */,
				7760CFC529A76A0E0015FB6E /* Assets.xcassets */,
				7760CFC729A76A0E0015FB6E /* LaunchScreen.storyboard */,
			);
			path = Resources;
			sourceTree = "<group>";
		};
		7760CFDD29A773570015FB6E /* Core */ = {
			isa = PBXGroup;
			children = (
				7760CFC029A76A0C0015FB6E /* RMTabBarController.swift */,
				7760CFDE29A773A50015FB6E /* RMCharacterViewController.swift */,
				7760CFE029A773C40015FB6E /* RMLocationViewController.swift */,
				7760CFE229A773D50015FB6E /* RMEpisodeViewController.swift */,
				7760CFE429A773E90015FB6E /* RMSettingsViewController.swift */,
			);
			path = Core;
			sourceTree = "<group>";
		};
/* End PBXGroup section */

/* Begin PBXNativeTarget section */
		7760CFB829A76A0C0015FB6E /* RickAndMorty */ = {
			isa = PBXNativeTarget;
			buildConfigurationList = 7760CFCD29A76A0E0015FB6E /* Build configuration list for PBXNativeTarget "RickAndMorty" */;
			buildPhases = (
				7760CFB529A76A0C0015FB6E /* Sources */,
				7760CFB629A76A0C0015FB6E /* Frameworks */,
				7760CFB729A76A0C0015FB6E /* Resources */,
			);
			buildRules = (
			);
			dependencies = (
			);
			name = RickAndMorty;
			productName = RickAndMorty;
			productReference = 7760CFB929A76A0C0015FB6E /* RickAndMorty.app */;
			productType = "com.apple.product-type.application";
		};
/* End PBXNativeTarget section */

/* Begin PBXProject section */
		7760CFB129A76A0C0015FB6E /* Project object */ = {
			isa = PBXProject;
			attributes = {
				BuildIndependentTargetsInParallel = 1;
				LastSwiftUpdateCheck = 1400;
				LastUpgradeCheck = 1400;
				TargetAttributes = {
					7760CFB829A76A0C0015FB6E = {
						CreatedOnToolsVersion = 14.0;
					};
				};
			};
			buildConfigurationList = 7760CFB429A76A0C0015FB6E /* Build configuration list for PBXProject "RickAndMorty" */;
			compatibilityVersion = "Xcode 14.0";
			developmentRegion = en;
			hasScannedForEncodings = 0;
			knownRegions = (
				en,
				Base,
			);
			mainGroup = 7760CFB029A76A0C0015FB6E;
			productRefGroup = 7760CFBA29A76A0C0015FB6E /* Products */;
			projectDirPath = "";
			projectRoot = "";
			targets = (
				7760CFB829A76A0C0015FB6E /* RickAndMorty */,
			);
		};
/* End PBXProject section */

/* Begin PBXResourcesBuildPhase section */
		7760CFB729A76A0C0015FB6E /* Resources */ = {
			isa = PBXResourcesBuildPhase;
			buildActionMask = 2147483647;
			files = (
				7760CFC929A76A0E0015FB6E /* LaunchScreen.storyboard in Resources */,
				7760CFC629A76A0E0015FB6E /* Assets.xcassets in Resources */,
			);
			runOnlyForDeploymentPostprocessing = 0;
		};
/* End PBXResourcesBuildPhase section */

/* Begin PBXSourcesBuildPhase section */
		7760CFB529A76A0C0015FB6E /* Sources */ = {
			isa = PBXSourcesBuildPhase;
			buildActionMask = 2147483647;
			files = (
				7760CFE129A773C40015FB6E /* RMLocationViewController.swift in Sources */,
				7760CFDC29A772D00015FB6E /* RMCharacter.swift in Sources */,
				7760CFC129A76A0C0015FB6E /* RMTabBarController.swift in Sources */,
				7760CFE329A773D50015FB6E /* RMEpisodeViewController.swift in Sources */,
				7760CFBD29A76A0C0015FB6E /* AppDelegate.swift in Sources */,
				7760CFDA29A772C50015FB6E /* RMEpisode.swift in Sources */,
				7760CFE529A773E90015FB6E /* RMSettingsViewController.swift in Sources */,
				7760CFBF29A76A0C0015FB6E /* SceneDelegate.swift in Sources */,
				7760CFD829A772BA0015FB6E /* RMLocation.swift in Sources */,
				7760CFDF29A773A50015FB6E /* RMCharacterViewController.swift in Sources */,
			);
			runOnlyForDeploymentPostprocessing = 0;
		};
/* End PBXSourcesBuildPhase section */

/* Begin PBXVariantGroup section */
		7760CFC729A76A0E0015FB6E /* LaunchScreen.storyboard */ = {
			isa = PBXVariantGroup;
			children = (
				7760CFC829A76A0E0015FB6E /* Base */,
			);
			name = LaunchScreen.storyboard;
			sourceTree = "<group>";
		};
/* End PBXVariantGroup section */

/* Begin XCBuildConfiguration section */
		7760CFCB29A76A0E0015FB6E /* Debug */ = {
			isa = XCBuildConfiguration;
			buildSettings = {
				ALWAYS_SEARCH_USER_PATHS = NO;
				CLANG_ANALYZER_NONNULL = YES;
				CLANG_ANALYZER_NUMBER_OBJECT_CONVERSION = YES_AGGRESSIVE;
				CLANG_CXX_LANGUAGE_STANDARD = "gnu++20";
				CLANG_ENABLE_MODULES = YES;
				CLANG_ENABLE_OBJC_ARC = YES;
				CLANG_ENABLE_OBJC_WEAK = YES;
				CLANG_WARN_BLOCK_CAPTURE_AUTORELEASING = YES;
				CLANG_WARN_BOOL_CONVERSION = YES;
				CLANG_WARN_COMMA = YES;
				CLANG_WARN_CONSTANT_CONVERSION = YES;
				CLANG_WARN_DEPRECATED_OBJC_IMPLEMENTATIONS = YES;
				CLANG_WARN_DIRECT_OBJC_ISA_USAGE = YES_ERROR;
				CLANG_WARN_DOCUMENTATION_COMMENTS = YES;
				CLANG_WARN_EMPTY_BODY = YES;
				CLANG_WARN_ENUM_CONVERSION = YES;
				CLANG_WARN_INFINITE_RECURSION = YES;
				CLANG_WARN_INT_CONVERSION = YES;
				CLANG_WARN_NON_LITERAL_NULL_CONVERSION = YES;
				CLANG_WARN_OBJC_IMPLICIT_RETAIN_SELF = YES;
				CLANG_WARN_OBJC_LITERAL_CONVERSION = YES;
				CLANG_WARN_OBJC_ROOT_CLASS = YES_ERROR;
				CLANG_WARN_QUOTED_INCLUDE_IN_FRAMEWORK_HEADER = YES;
				CLANG_WARN_RANGE_LOOP_ANALYSIS = YES;
				CLANG_WARN_STRICT_PROTOTYPES = YES;
				CLANG_WARN_SUSPICIOUS_MOVE = YES;
				CLANG_WARN_UNGUARDED_AVAILABILITY = YES_AGGRESSIVE;
				CLANG_WARN_UNREACHABLE_CODE = YES;
				CLANG_WARN__DUPLICATE_METHOD_MATCH = YES;
				COPY_PHASE_STRIP = NO;
				DEBUG_INFORMATION_FORMAT = dwarf;
				ENABLE_STRICT_OBJC_MSGSEND = YES;
				ENABLE_TESTABILITY = YES;
				GCC_C_LANGUAGE_STANDARD = gnu11;
				GCC_DYNAMIC_NO_PIC = NO;
				GCC_NO_COMMON_BLOCKS = YES;
				GCC_OPTIMIZATION_LEVEL = 0;
				GCC_PREPROCESSOR_DEFINITIONS = (
					"DEBUG=1",
					"$(inherited)",
				);
				GCC_WARN_64_TO_32_BIT_CONVERSION = YES;
				GCC_WARN_ABOUT_RETURN_TYPE = YES_ERROR;
				GCC_WARN_UNDECLARED_SELECTOR = YES;
				GCC_WARN_UNINITIALIZED_AUTOS = YES_AGGRESSIVE;
				GCC_WARN_UNUSED_FUNCTION = YES;
				GCC_WARN_UNUSED_VARIABLE = YES;
				IPHONEOS_DEPLOYMENT_TARGET = 16.0;
				MTL_ENABLE_DEBUG_INFO = INCLUDE_SOURCE;
				MTL_FAST_MATH = YES;
				ONLY_ACTIVE_ARCH = YES;
				SDKROOT = iphoneos;
				SWIFT_ACTIVE_COMPILATION_CONDITIONS = DEBUG;
				SWIFT_OPTIMIZATION_LEVEL = "-Onone";
			};
			name = Debug;
		};
		7760CFCC29A76A0E0015FB6E /* Release */ = {
			isa = XCBuildConfiguration;
			buildSettings = {
				ALWAYS_SEARCH_USER_PATHS = NO;
				CLANG_ANALYZER_NONNULL = YES;
				CLANG_ANALYZER_NUMBER_OBJECT_CONVERSION = YES_AGGRESSIVE;
				CLANG_CXX_LANGUAGE_STANDARD = "gnu++20";
				CLANG_ENABLE_MODULES = YES;
				CLANG_ENABLE_OBJC_ARC = YES;
				CLANG_ENABLE_OBJC_WEAK = YES;
				CLANG_WARN_BLOCK_CAPTURE_AUTORELEASING = YES;
				CLANG_WARN_BOOL_CONVERSION = YES;
				CLANG_WARN_COMMA = YES;
				CLANG_WARN_CONSTANT_CONVERSION = YES;
				CLANG_WARN_DEPRECATED_OBJC_IMPLEMENTATIONS = YES;
				CLANG_WARN_DIRECT_OBJC_ISA_USAGE = YES_ERROR;
				CLANG_WARN_DOCUMENTATION_COMMENTS = YES;
				CLANG_WARN_EMPTY_BODY = YES;
				CLANG_WARN_ENUM_CONVERSION = YES;
				CLANG_WARN_INFINITE_RECURSION = YES;
				CLANG_WARN_INT_CONVERSION = YES;
				CLANG_WARN_NON_LITERAL_NULL_CONVERSION = YES;
				CLANG_WARN_OBJC_IMPLICIT_RETAIN_SELF = YES;
				CLANG_WARN_OBJC_LITERAL_CONVERSION = YES;
				CLANG_WARN_OBJC_ROOT_CLASS = YES_ERROR;
				CLANG_WARN_QUOTED_INCLUDE_IN_FRAMEWORK_HEADER = YES;
				CLANG_WARN_RANGE_LOOP_ANALYSIS = YES;
				CLANG_WARN_STRICT_PROTOTYPES = YES;
				CLANG_WARN_SUSPICIOUS_MOVE = YES;
				CLANG_WARN_UNGUARDED_AVAILABILITY = YES_AGGRESSIVE;
				CLANG_WARN_UNREACHABLE_CODE = YES;
				CLANG_WARN__DUPLICATE_METHOD_MATCH = YES;
				COPY_PHASE_STRIP = NO;
				DEBUG_INFORMATION_FORMAT = "dwarf-with-dsym";
				ENABLE_NS_ASSERTIONS = NO;
				ENABLE_STRICT_OBJC_MSGSEND = YES;
				GCC_C_LANGUAGE_STANDARD = gnu11;
				GCC_NO_COMMON_BLOCKS = YES;
				GCC_WARN_64_TO_32_BIT_CONVERSION = YES;
				GCC_WARN_ABOUT_RETURN_TYPE = YES_ERROR;
				GCC_WARN_UNDECLARED_SELECTOR = YES;
				GCC_WARN_UNINITIALIZED_AUTOS = YES_AGGRESSIVE;
				GCC_WARN_UNUSED_FUNCTION = YES;
				GCC_WARN_UNUSED_VARIABLE = YES;
				IPHONEOS_DEPLOYMENT_TARGET = 16.0;
				MTL_ENABLE_DEBUG_INFO = NO;
				MTL_FAST_MATH = YES;
				SDKROOT = iphoneos;
				SWIFT_COMPILATION_MODE = wholemodule;
				SWIFT_OPTIMIZATION_LEVEL = "-O";
				VALIDATE_PRODUCT = YES;
			};
			name = Release;
		};
		7760CFCE29A76A0E0015FB6E /* Debug */ = {
			isa = XCBuildConfiguration;
			buildSettings = {
				ASSETCATALOG_COMPILER_APPICON_NAME = AppIcon;
				ASSETCATALOG_COMPILER_GLOBAL_ACCENT_COLOR_NAME = AccentColor;
				CODE_SIGN_STYLE = Automatic;
				CURRENT_PROJECT_VERSION = 1;
				DEVELOPMENT_TEAM = 583V6D744G;
				GENERATE_INFOPLIST_FILE = YES;
				INFOPLIST_FILE = RickAndMorty/Info.plist;
				INFOPLIST_KEY_UIApplicationSupportsIndirectInputEvents = YES;
				INFOPLIST_KEY_UILaunchStoryboardName = LaunchScreen;
				INFOPLIST_KEY_UISupportedInterfaceOrientations_iPad = "UIInterfaceOrientationPortrait UIInterfaceOrientationPortraitUpsideDown UIInterfaceOrientationLandscapeLeft UIInterfaceOrientationLandscapeRight";
				INFOPLIST_KEY_UISupportedInterfaceOrientations_iPhone = "UIInterfaceOrientationPortrait UIInterfaceOrientationLandscapeLeft UIInterfaceOrientationLandscapeRight";
				LD_RUNPATH_SEARCH_PATHS = (
					"$(inherited)",
					"@executable_path/Frameworks",
				);
				MARKETING_VERSION = 1.0;
				PRODUCT_BUNDLE_IDENTIFIER = com.pelin.RickAndMorty;
				PRODUCT_NAME = "$(TARGET_NAME)";
				SWIFT_EMIT_LOC_STRINGS = YES;
				SWIFT_VERSION = 5.0;
				TARGETED_DEVICE_FAMILY = "1,2";
			};
			name = Debug;
		};
		7760CFCF29A76A0E0015FB6E /* Release */ = {
			isa = XCBuildConfiguration;
			buildSettings = {
				ASSETCATALOG_COMPILER_APPICON_NAME = AppIcon;
				ASSETCATALOG_COMPILER_GLOBAL_ACCENT_COLOR_NAME = AccentColor;
				CODE_SIGN_STYLE = Automatic;
				CURRENT_PROJECT_VERSION = 1;
				DEVELOPMENT_TEAM = 583V6D744G;
				GENERATE_INFOPLIST_FILE = YES;
				INFOPLIST_FILE = RickAndMorty/Info.plist;
				INFOPLIST_KEY_UIApplicationSupportsIndirectInputEvents = YES;
				INFOPLIST_KEY_UILaunchStoryboardName = LaunchScreen;
				INFOPLIST_KEY_UISupportedInterfaceOrientations_iPad = "UIInterfaceOrientationPortrait UIInterfaceOrientationPortraitUpsideDown UIInterfaceOrientationLandscapeLeft UIInterfaceOrientationLandscapeRight";
				INFOPLIST_KEY_UISupportedInterfaceOrientations_iPhone = "UIInterfaceOrientationPortrait UIInterfaceOrientationLandscapeLeft UIInterfaceOrientationLandscapeRight";
				LD_RUNPATH_SEARCH_PATHS = (
					"$(inherited)",
					"@executable_path/Frameworks",
				);
				MARKETING_VERSION = 1.0;
				PRODUCT_BUNDLE_IDENTIFIER = com.pelin.RickAndMorty;
				PRODUCT_NAME = "$(TARGET_NAME)";
				SWIFT_EMIT_LOC_STRINGS = YES;
				SWIFT_VERSION = 5.0;
				TARGETED_DEVICE_FAMILY = "1,2";
			};
			name = Release;
		};
/* End XCBuildConfiguration section */

/* Begin XCConfigurationList section */
		7760CFB429A76A0C0015FB6E /* Build configuration list for PBXProject "RickAndMorty" */ = {
			isa = XCConfigurationList;
			buildConfigurations = (
				7760CFCB29A76A0E0015FB6E /* Debug */,
				7760CFCC29A76A0E0015FB6E /* Release */,
			);
			defaultConfigurationIsVisible = 0;
			defaultConfigurationName = Release;
		};
		7760CFCD29A76A0E0015FB6E /* Build configuration list for PBXNativeTarget "RickAndMorty" */ = {
			isa = XCConfigurationList;
			buildConfigurations = (
				7760CFCE29A76A0E0015FB6E /* Debug */,
				7760CFCF29A76A0E0015FB6E /* Release */,
			);
			defaultConfigurationIsVisible = 0;
			defaultConfigurationName = Release;
		};
/* End XCConfigurationList section */
	};
	rootObject = 7760CFB129A76A0C0015FB6E /* Project object */;
}
