// !$*UTF8*$!
{
	archiveVersion = 1;
	classes = {
	};
	objectVersion = 56;
	objects = {

/* Begin PBXBuildFile section */
		775CE47E29B0941E0052C688 /* RMLocationView.swift in Sources */ = {isa = PBXBuildFile; fileRef = 775CE47D29B0941E0052C688 /* RMLocationView.swift */; };
		775CE48129B098420052C688 /* RMLocationViewModel.swift in Sources */ = {isa = PBXBuildFile; fileRef = 775CE48029B098420052C688 /* RMLocationViewModel.swift */; };
		775CE48329B0AD870052C688 /* RMGetAllLocationsResponse.swift in Sources */ = {isa = PBXBuildFile; fileRef = 775CE48229B0AD870052C688 /* RMGetAllLocationsResponse.swift */; };
		775CE48529B0AFD20052C688 /* RMLocationTableViewCell.swift in Sources */ = {isa = PBXBuildFile; fileRef = 775CE48429B0AFD20052C688 /* RMLocationTableViewCell.swift */; };
		775CE48729B0B0A30052C688 /* RMLocationTableViewCellViewModel.swift in Sources */ = {isa = PBXBuildFile; fileRef = 775CE48629B0B0A30052C688 /* RMLocationTableViewCellViewModel.swift */; };
		775CE48929B0CFB50052C688 /* RMLocationDetailViewController.swift in Sources */ = {isa = PBXBuildFile; fileRef = 775CE48829B0CFB50052C688 /* RMLocationDetailViewController.swift */; };
		775CE48C29B0D1D60052C688 /* RMLocationDetailsView.swift in Sources */ = {isa = PBXBuildFile; fileRef = 775CE48B29B0D1D60052C688 /* RMLocationDetailsView.swift */; };
		775CE48E29B0D4ED0052C688 /* RMLocationDetailViewViewModel.swift in Sources */ = {isa = PBXBuildFile; fileRef = 775CE48D29B0D4ED0052C688 /* RMLocationDetailViewViewModel.swift */; };
		7760CFBD29A76A0C0015FB6E /* AppDelegate.swift in Sources */ = {isa = PBXBuildFile; fileRef = 7760CFBC29A76A0C0015FB6E /* AppDelegate.swift */; };
		7760CFBF29A76A0C0015FB6E /* SceneDelegate.swift in Sources */ = {isa = PBXBuildFile; fileRef = 7760CFBE29A76A0C0015FB6E /* SceneDelegate.swift */; };
		7760CFC129A76A0C0015FB6E /* RMTabBarController.swift in Sources */ = {isa = PBXBuildFile; fileRef = 7760CFC029A76A0C0015FB6E /* RMTabBarController.swift */; };
		7760CFC629A76A0E0015FB6E /* Assets.xcassets in Resources */ = {isa = PBXBuildFile; fileRef = 7760CFC529A76A0E0015FB6E /* Assets.xcassets */; };
		7760CFC929A76A0E0015FB6E /* LaunchScreen.storyboard in Resources */ = {isa = PBXBuildFile; fileRef = 7760CFC729A76A0E0015FB6E /* LaunchScreen.storyboard */; };
		7760CFD829A772BA0015FB6E /* RMLocation.swift in Sources */ = {isa = PBXBuildFile; fileRef = 7760CFD729A772BA0015FB6E /* RMLocation.swift */; };
		7760CFDA29A772C50015FB6E /* RMEpisode.swift in Sources */ = {isa = PBXBuildFile; fileRef = 7760CFD929A772C50015FB6E /* RMEpisode.swift */; };
		7760CFDC29A772D00015FB6E /* RMCharacter.swift in Sources */ = {isa = PBXBuildFile; fileRef = 7760CFDB29A772D00015FB6E /* RMCharacter.swift */; };
		7760CFDF29A773A50015FB6E /* RMCharacterViewController.swift in Sources */ = {isa = PBXBuildFile; fileRef = 7760CFDE29A773A50015FB6E /* RMCharacterViewController.swift */; };
		7760CFE129A773C40015FB6E /* RMLocationViewController.swift in Sources */ = {isa = PBXBuildFile; fileRef = 7760CFE029A773C40015FB6E /* RMLocationViewController.swift */; };
		7760CFE329A773D50015FB6E /* RMEpisodeViewController.swift in Sources */ = {isa = PBXBuildFile; fileRef = 7760CFE229A773D50015FB6E /* RMEpisodeViewController.swift */; };
		7760CFE529A773E90015FB6E /* RMSettingsViewController.swift in Sources */ = {isa = PBXBuildFile; fileRef = 7760CFE429A773E90015FB6E /* RMSettingsViewController.swift */; };
		7760CFE729A79D230015FB6E /* RMService.swift in Sources */ = {isa = PBXBuildFile; fileRef = 7760CFE629A79D230015FB6E /* RMService.swift */; };
		7760CFE929A79D470015FB6E /* RMRequest.swift in Sources */ = {isa = PBXBuildFile; fileRef = 7760CFE829A79D470015FB6E /* RMRequest.swift */; };
		7760CFEB29A79DE60015FB6E /* RMEndpoint.swift in Sources */ = {isa = PBXBuildFile; fileRef = 7760CFEA29A79DE60015FB6E /* RMEndpoint.swift */; };
		7760CFED29A7AAA10015FB6E /* RMOrigin.swift in Sources */ = {isa = PBXBuildFile; fileRef = 7760CFEC29A7AAA10015FB6E /* RMOrigin.swift */; };
		7760CFEF29A7AB500015FB6E /* RMSingleLocation.swift in Sources */ = {isa = PBXBuildFile; fileRef = 7760CFEE29A7AB500015FB6E /* RMSingleLocation.swift */; };
		7760CFF129A7ACC40015FB6E /* RMCharacterStatus.swift in Sources */ = {isa = PBXBuildFile; fileRef = 7760CFF029A7ACC40015FB6E /* RMCharacterStatus.swift */; };
		7760CFF329A7AD340015FB6E /* RMCharacterGender.swift in Sources */ = {isa = PBXBuildFile; fileRef = 7760CFF229A7AD340015FB6E /* RMCharacterGender.swift */; };
		77946BED29A94CA9001F2A9A /* RMImageLoader.swift in Sources */ = {isa = PBXBuildFile; fileRef = 77946BEC29A94CA9001F2A9A /* RMImageLoader.swift */; };
		779656FC29ACB8F600C9D620 /* RMEpisodeDetailViewController.swift in Sources */ = {isa = PBXBuildFile; fileRef = 779656FB29ACB8F600C9D620 /* RMEpisodeDetailViewController.swift */; };
		779656FE29ACBC4E00C9D620 /* RMAPICacheManager.swift in Sources */ = {isa = PBXBuildFile; fileRef = 779656FD29ACBC4E00C9D620 /* RMAPICacheManager.swift */; };
		7796570029ACC62900C9D620 /* RMEpisodeDetailViewViewModel.swift in Sources */ = {isa = PBXBuildFile; fileRef = 779656FF29ACC62900C9D620 /* RMEpisodeDetailViewViewModel.swift */; };
		7796570229ACC6AC00C9D620 /* RMEpisodeDetailView.swift in Sources */ = {isa = PBXBuildFile; fileRef = 7796570129ACC6AC00C9D620 /* RMEpisodeDetailView.swift */; };
		7796570529ACD48E00C9D620 /* RMEpisodeListView.swift in Sources */ = {isa = PBXBuildFile; fileRef = 7796570429ACD48E00C9D620 /* RMEpisodeListView.swift */; };
		7796570729ACD83200C9D620 /* RMEpisodeListViewViewModel.swift in Sources */ = {isa = PBXBuildFile; fileRef = 7796570629ACD83200C9D620 /* RMEpisodeListViewViewModel.swift */; };
		7796570929ACDF1000C9D620 /* RMGetAllEpisodesResponse.swift in Sources */ = {isa = PBXBuildFile; fileRef = 7796570829ACDF1000C9D620 /* RMGetAllEpisodesResponse.swift */; };
		7796570B29ACF46000C9D620 /* RMSearchViewController.swift in Sources */ = {isa = PBXBuildFile; fileRef = 7796570A29ACF46000C9D620 /* RMSearchViewController.swift */; };
		77A9E28B29AFD020007AD845 /* RMSettingsViewViewModel.swift in Sources */ = {isa = PBXBuildFile; fileRef = 77A9E28A29AFD020007AD845 /* RMSettingsViewViewModel.swift */; };
		77A9E28D29AFD157007AD845 /* RMSettingsCellViewModel.swift in Sources */ = {isa = PBXBuildFile; fileRef = 77A9E28C29AFD157007AD845 /* RMSettingsCellViewModel.swift */; };
		77A9E28F29AFD690007AD845 /* RMSettingsOption.swift in Sources */ = {isa = PBXBuildFile; fileRef = 77A9E28E29AFD690007AD845 /* RMSettingsOption.swift */; };
		77A9E29229AFDCF2007AD845 /* RMSettingsView.swift in Sources */ = {isa = PBXBuildFile; fileRef = 77A9E29129AFDCF2007AD845 /* RMSettingsView.swift */; };
		77BCC54729A8A45100672B14 /* RMGetAllCharactersResponse.swift in Sources */ = {isa = PBXBuildFile; fileRef = 77BCC54629A8A45100672B14 /* RMGetAllCharactersResponse.swift */; };
		77BCC54929A8A86D00672B14 /* RMCharacterListViewViewModel.swift in Sources */ = {isa = PBXBuildFile; fileRef = 77BCC54829A8A86D00672B14 /* RMCharacterListViewViewModel.swift */; };
		77BCC54B29A8A8F100672B14 /* RMCharacterListView.swift in Sources */ = {isa = PBXBuildFile; fileRef = 77BCC54A29A8A8F100672B14 /* RMCharacterListView.swift */; };
		77BCC54D29A8AE9400672B14 /* Extensions.swift in Sources */ = {isa = PBXBuildFile; fileRef = 77BCC54C29A8AE9400672B14 /* Extensions.swift */; };
		77BCC54F29A8BEA600672B14 /* RMCharacterCollectionViewCell.swift in Sources */ = {isa = PBXBuildFile; fileRef = 77BCC54E29A8BEA600672B14 /* RMCharacterCollectionViewCell.swift */; };
		77BCC55129A8BFBC00672B14 /* RMCharacterCollectionViewCellViewModel.swift in Sources */ = {isa = PBXBuildFile; fileRef = 77BCC55029A8BFBC00672B14 /* RMCharacterCollectionViewCellViewModel.swift */; };
		77BCC55429A8E96500672B14 /* RMCharacterDetailViewController.swift in Sources */ = {isa = PBXBuildFile; fileRef = 77BCC55329A8E96500672B14 /* RMCharacterDetailViewController.swift */; };
		77BCC55629A8EA3400672B14 /* RMCharacterDetailView.swift in Sources */ = {isa = PBXBuildFile; fileRef = 77BCC55529A8EA3400672B14 /* RMCharacterDetailView.swift */; };
		77BCC55829A8EA5900672B14 /* RMCharacterDetailViewViewModel.swift in Sources */ = {isa = PBXBuildFile; fileRef = 77BCC55729A8EA5900672B14 /* RMCharacterDetailViewViewModel.swift */; };
		77BCC55A29A8F32800672B14 /* RMFooterLoadingCollectionReusableView.swift in Sources */ = {isa = PBXBuildFile; fileRef = 77BCC55929A8F32800672B14 /* RMFooterLoadingCollectionReusableView.swift */; };
		77D19C6929AA1F6E0064B78C /* RMCharacterPhotoCollectionViewCell.swift in Sources */ = {isa = PBXBuildFile; fileRef = 77D19C6829AA1F6E0064B78C /* RMCharacterPhotoCollectionViewCell.swift */; };
		77D19C6B29AA1F880064B78C /* RMCharacterInfoCollectionViewCell.swift in Sources */ = {isa = PBXBuildFile; fileRef = 77D19C6A29AA1F880064B78C /* RMCharacterInfoCollectionViewCell.swift */; };
		77D19C6D29AA1F970064B78C /* RMCharacterEpisodeCollectionViewCell.swift in Sources */ = {isa = PBXBuildFile; fileRef = 77D19C6C29AA1F970064B78C /* RMCharacterEpisodeCollectionViewCell.swift */; };
		77D19C7129AA20160064B78C /* RMCharacterPhotoCollectionViewCellViewModel.swift in Sources */ = {isa = PBXBuildFile; fileRef = 77D19C7029AA20160064B78C /* RMCharacterPhotoCollectionViewCellViewModel.swift */; };
		77D19C7329AA202C0064B78C /* RMCharacterInfoCollectionViewCellViewModel.swift in Sources */ = {isa = PBXBuildFile; fileRef = 77D19C7229AA202C0064B78C /* RMCharacterInfoCollectionViewCellViewModel.swift */; };
		77D19C7529AA20430064B78C /* RMCharacterEpisodeCollectionViewCellViewModel.swift in Sources */ = {isa = PBXBuildFile; fileRef = 77D19C7429AA20430064B78C /* RMCharacterEpisodeCollectionViewCellViewModel.swift */; };
		77D58D3829AE44E0000442E4 /* RMEpisodeInfoCollectionViewCell.swift in Sources */ = {isa = PBXBuildFile; fileRef = 77D58D3729AE44E0000442E4 /* RMEpisodeInfoCollectionViewCell.swift */; };
		77D58D3B29AE4530000442E4 /* RMEpisodeInfoCollectionViewCellViewModel.swift in Sources */ = {isa = PBXBuildFile; fileRef = 77D58D3A29AE4530000442E4 /* RMEpisodeInfoCollectionViewCellViewModel.swift */; };
/* End PBXBuildFile section */

/* Begin PBXFileReference section */
		775CE47D29B0941E0052C688 /* RMLocationView.swift */ = {isa = PBXFileReference; lastKnownFileType = sourcecode.swift; path = RMLocationView.swift; sourceTree = "<group>"; };
		775CE48029B098420052C688 /* RMLocationViewModel.swift */ = {isa = PBXFileReference; lastKnownFileType = sourcecode.swift; path = RMLocationViewModel.swift; sourceTree = "<group>"; };
		775CE48229B0AD870052C688 /* RMGetAllLocationsResponse.swift */ = {isa = PBXFileReference; lastKnownFileType = sourcecode.swift; path = RMGetAllLocationsResponse.swift; sourceTree = "<group>"; };
		775CE48429B0AFD20052C688 /* RMLocationTableViewCell.swift */ = {isa = PBXFileReference; lastKnownFileType = sourcecode.swift; path = RMLocationTableViewCell.swift; sourceTree = "<group>"; };
		775CE48629B0B0A30052C688 /* RMLocationTableViewCellViewModel.swift */ = {isa = PBXFileReference; lastKnownFileType = sourcecode.swift; path = RMLocationTableViewCellViewModel.swift; sourceTree = "<group>"; };
		775CE48829B0CFB50052C688 /* RMLocationDetailViewController.swift */ = {isa = PBXFileReference; lastKnownFileType = sourcecode.swift; path = RMLocationDetailViewController.swift; sourceTree = "<group>"; };
		775CE48B29B0D1D60052C688 /* RMLocationDetailsView.swift */ = {isa = PBXFileReference; lastKnownFileType = sourcecode.swift; path = RMLocationDetailsView.swift; sourceTree = "<group>"; };
		775CE48D29B0D4ED0052C688 /* RMLocationDetailViewViewModel.swift */ = {isa = PBXFileReference; lastKnownFileType = sourcecode.swift; path = RMLocationDetailViewViewModel.swift; sourceTree = "<group>"; };
		7760CFB929A76A0C0015FB6E /* RickAndMorty.app */ = {isa = PBXFileReference; explicitFileType = wrapper.application; includeInIndex = 0; path = RickAndMorty.app; sourceTree = BUILT_PRODUCTS_DIR; };
		7760CFBC29A76A0C0015FB6E /* AppDelegate.swift */ = {isa = PBXFileReference; lastKnownFileType = sourcecode.swift; path = AppDelegate.swift; sourceTree = "<group>"; };
		7760CFBE29A76A0C0015FB6E /* SceneDelegate.swift */ = {isa = PBXFileReference; lastKnownFileType = sourcecode.swift; path = SceneDelegate.swift; sourceTree = "<group>"; };
		7760CFC029A76A0C0015FB6E /* RMTabBarController.swift */ = {isa = PBXFileReference; lastKnownFileType = sourcecode.swift; path = RMTabBarController.swift; sourceTree = "<group>"; };
		7760CFC529A76A0E0015FB6E /* Assets.xcassets */ = {isa = PBXFileReference; lastKnownFileType = folder.assetcatalog; path = Assets.xcassets; sourceTree = "<group>"; };
		7760CFC829A76A0E0015FB6E /* Base */ = {isa = PBXFileReference; lastKnownFileType = file.storyboard; name = Base; path = Base.lproj/LaunchScreen.storyboard; sourceTree = "<group>"; };
		7760CFCA29A76A0E0015FB6E /* Info.plist */ = {isa = PBXFileReference; lastKnownFileType = text.plist.xml; path = Info.plist; sourceTree = "<group>"; };
		7760CFD729A772BA0015FB6E /* RMLocation.swift */ = {isa = PBXFileReference; lastKnownFileType = sourcecode.swift; path = RMLocation.swift; sourceTree = "<group>"; };
		7760CFD929A772C50015FB6E /* RMEpisode.swift */ = {isa = PBXFileReference; lastKnownFileType = sourcecode.swift; path = RMEpisode.swift; sourceTree = "<group>"; };
		7760CFDB29A772D00015FB6E /* RMCharacter.swift */ = {isa = PBXFileReference; lastKnownFileType = sourcecode.swift; path = RMCharacter.swift; sourceTree = "<group>"; };
		7760CFDE29A773A50015FB6E /* RMCharacterViewController.swift */ = {isa = PBXFileReference; lastKnownFileType = sourcecode.swift; path = RMCharacterViewController.swift; sourceTree = "<group>"; };
		7760CFE029A773C40015FB6E /* RMLocationViewController.swift */ = {isa = PBXFileReference; lastKnownFileType = sourcecode.swift; path = RMLocationViewController.swift; sourceTree = "<group>"; };
		7760CFE229A773D50015FB6E /* RMEpisodeViewController.swift */ = {isa = PBXFileReference; lastKnownFileType = sourcecode.swift; path = RMEpisodeViewController.swift; sourceTree = "<group>"; };
		7760CFE429A773E90015FB6E /* RMSettingsViewController.swift */ = {isa = PBXFileReference; lastKnownFileType = sourcecode.swift; path = RMSettingsViewController.swift; sourceTree = "<group>"; };
		7760CFE629A79D230015FB6E /* RMService.swift */ = {isa = PBXFileReference; lastKnownFileType = sourcecode.swift; path = RMService.swift; sourceTree = "<group>"; };
		7760CFE829A79D470015FB6E /* RMRequest.swift */ = {isa = PBXFileReference; lastKnownFileType = sourcecode.swift; path = RMRequest.swift; sourceTree = "<group>"; };
		7760CFEA29A79DE60015FB6E /* RMEndpoint.swift */ = {isa = PBXFileReference; lastKnownFileType = sourcecode.swift; path = RMEndpoint.swift; sourceTree = "<group>"; };
		7760CFEC29A7AAA10015FB6E /* RMOrigin.swift */ = {isa = PBXFileReference; lastKnownFileType = sourcecode.swift; path = RMOrigin.swift; sourceTree = "<group>"; };
		7760CFEE29A7AB500015FB6E /* RMSingleLocation.swift */ = {isa = PBXFileReference; lastKnownFileType = sourcecode.swift; path = RMSingleLocation.swift; sourceTree = "<group>"; };
		7760CFF029A7ACC40015FB6E /* RMCharacterStatus.swift */ = {isa = PBXFileReference; lastKnownFileType = sourcecode.swift; path = RMCharacterStatus.swift; sourceTree = "<group>"; };
		7760CFF229A7AD340015FB6E /* RMCharacterGender.swift */ = {isa = PBXFileReference; lastKnownFileType = sourcecode.swift; path = RMCharacterGender.swift; sourceTree = "<group>"; };
		77946BEC29A94CA9001F2A9A /* RMImageLoader.swift */ = {isa = PBXFileReference; lastKnownFileType = sourcecode.swift; path = RMImageLoader.swift; sourceTree = "<group>"; };
		779656FB29ACB8F600C9D620 /* RMEpisodeDetailViewController.swift */ = {isa = PBXFileReference; lastKnownFileType = sourcecode.swift; path = RMEpisodeDetailViewController.swift; sourceTree = "<group>"; };
		779656FD29ACBC4E00C9D620 /* RMAPICacheManager.swift */ = {isa = PBXFileReference; lastKnownFileType = sourcecode.swift; path = RMAPICacheManager.swift; sourceTree = "<group>"; };
		779656FF29ACC62900C9D620 /* RMEpisodeDetailViewViewModel.swift */ = {isa = PBXFileReference; lastKnownFileType = sourcecode.swift; path = RMEpisodeDetailViewViewModel.swift; sourceTree = "<group>"; };
		7796570129ACC6AC00C9D620 /* RMEpisodeDetailView.swift */ = {isa = PBXFileReference; lastKnownFileType = sourcecode.swift; path = RMEpisodeDetailView.swift; sourceTree = "<group>"; };
		7796570429ACD48E00C9D620 /* RMEpisodeListView.swift */ = {isa = PBXFileReference; lastKnownFileType = sourcecode.swift; path = RMEpisodeListView.swift; sourceTree = "<group>"; };
		7796570629ACD83200C9D620 /* RMEpisodeListViewViewModel.swift */ = {isa = PBXFileReference; lastKnownFileType = sourcecode.swift; path = RMEpisodeListViewViewModel.swift; sourceTree = "<group>"; };
		7796570829ACDF1000C9D620 /* RMGetAllEpisodesResponse.swift */ = {isa = PBXFileReference; lastKnownFileType = sourcecode.swift; path = RMGetAllEpisodesResponse.swift; sourceTree = "<group>"; };
		7796570A29ACF46000C9D620 /* RMSearchViewController.swift */ = {isa = PBXFileReference; lastKnownFileType = sourcecode.swift; path = RMSearchViewController.swift; sourceTree = "<group>"; };
		77A9E28A29AFD020007AD845 /* RMSettingsViewViewModel.swift */ = {isa = PBXFileReference; lastKnownFileType = sourcecode.swift; path = RMSettingsViewViewModel.swift; sourceTree = "<group>"; };
		77A9E28C29AFD157007AD845 /* RMSettingsCellViewModel.swift */ = {isa = PBXFileReference; lastKnownFileType = sourcecode.swift; path = RMSettingsCellViewModel.swift; sourceTree = "<group>"; };
		77A9E28E29AFD690007AD845 /* RMSettingsOption.swift */ = {isa = PBXFileReference; lastKnownFileType = sourcecode.swift; path = RMSettingsOption.swift; sourceTree = "<group>"; };
		77A9E29129AFDCF2007AD845 /* RMSettingsView.swift */ = {isa = PBXFileReference; lastKnownFileType = sourcecode.swift; path = RMSettingsView.swift; sourceTree = "<group>"; };
		77BCC54629A8A45100672B14 /* RMGetAllCharactersResponse.swift */ = {isa = PBXFileReference; lastKnownFileType = sourcecode.swift; path = RMGetAllCharactersResponse.swift; sourceTree = "<group>"; };
		77BCC54829A8A86D00672B14 /* RMCharacterListViewViewModel.swift */ = {isa = PBXFileReference; lastKnownFileType = sourcecode.swift; path = RMCharacterListViewViewModel.swift; sourceTree = "<group>"; };
		77BCC54A29A8A8F100672B14 /* RMCharacterListView.swift */ = {isa = PBXFileReference; lastKnownFileType = sourcecode.swift; path = RMCharacterListView.swift; sourceTree = "<group>"; };
		77BCC54C29A8AE9400672B14 /* Extensions.swift */ = {isa = PBXFileReference; lastKnownFileType = sourcecode.swift; path = Extensions.swift; sourceTree = "<group>"; };
		77BCC54E29A8BEA600672B14 /* RMCharacterCollectionViewCell.swift */ = {isa = PBXFileReference; lastKnownFileType = sourcecode.swift; path = RMCharacterCollectionViewCell.swift; sourceTree = "<group>"; };
		77BCC55029A8BFBC00672B14 /* RMCharacterCollectionViewCellViewModel.swift */ = {isa = PBXFileReference; lastKnownFileType = sourcecode.swift; path = RMCharacterCollectionViewCellViewModel.swift; sourceTree = "<group>"; };
		77BCC55329A8E96500672B14 /* RMCharacterDetailViewController.swift */ = {isa = PBXFileReference; lastKnownFileType = sourcecode.swift; path = RMCharacterDetailViewController.swift; sourceTree = "<group>"; };
		77BCC55529A8EA3400672B14 /* RMCharacterDetailView.swift */ = {isa = PBXFileReference; lastKnownFileType = sourcecode.swift; path = RMCharacterDetailView.swift; sourceTree = "<group>"; };
		77BCC55729A8EA5900672B14 /* RMCharacterDetailViewViewModel.swift */ = {isa = PBXFileReference; lastKnownFileType = sourcecode.swift; path = RMCharacterDetailViewViewModel.swift; sourceTree = "<group>"; };
		77BCC55929A8F32800672B14 /* RMFooterLoadingCollectionReusableView.swift */ = {isa = PBXFileReference; lastKnownFileType = sourcecode.swift; path = RMFooterLoadingCollectionReusableView.swift; sourceTree = "<group>"; };
		77D19C6829AA1F6E0064B78C /* RMCharacterPhotoCollectionViewCell.swift */ = {isa = PBXFileReference; lastKnownFileType = sourcecode.swift; path = RMCharacterPhotoCollectionViewCell.swift; sourceTree = "<group>"; };
		77D19C6A29AA1F880064B78C /* RMCharacterInfoCollectionViewCell.swift */ = {isa = PBXFileReference; lastKnownFileType = sourcecode.swift; path = RMCharacterInfoCollectionViewCell.swift; sourceTree = "<group>"; };
		77D19C6C29AA1F970064B78C /* RMCharacterEpisodeCollectionViewCell.swift */ = {isa = PBXFileReference; lastKnownFileType = sourcecode.swift; path = RMCharacterEpisodeCollectionViewCell.swift; sourceTree = "<group>"; };
		77D19C7029AA20160064B78C /* RMCharacterPhotoCollectionViewCellViewModel.swift */ = {isa = PBXFileReference; lastKnownFileType = sourcecode.swift; path = RMCharacterPhotoCollectionViewCellViewModel.swift; sourceTree = "<group>"; };
		77D19C7229AA202C0064B78C /* RMCharacterInfoCollectionViewCellViewModel.swift */ = {isa = PBXFileReference; lastKnownFileType = sourcecode.swift; path = RMCharacterInfoCollectionViewCellViewModel.swift; sourceTree = "<group>"; };
		77D19C7429AA20430064B78C /* RMCharacterEpisodeCollectionViewCellViewModel.swift */ = {isa = PBXFileReference; lastKnownFileType = sourcecode.swift; path = RMCharacterEpisodeCollectionViewCellViewModel.swift; sourceTree = "<group>"; };
		77D58D3729AE44E0000442E4 /* RMEpisodeInfoCollectionViewCell.swift */ = {isa = PBXFileReference; lastKnownFileType = sourcecode.swift; path = RMEpisodeInfoCollectionViewCell.swift; sourceTree = "<group>"; };
		77D58D3A29AE4530000442E4 /* RMEpisodeInfoCollectionViewCellViewModel.swift */ = {isa = PBXFileReference; lastKnownFileType = sourcecode.swift; path = RMEpisodeInfoCollectionViewCellViewModel.swift; sourceTree = "<group>"; };
/* End PBXFileReference section */

/* Begin PBXFrameworksBuildPhase section */
		7760CFB629A76A0C0015FB6E /* Frameworks */ = {
			isa = PBXFrameworksBuildPhase;
			buildActionMask = 2147483647;
			files = (
			);
			runOnlyForDeploymentPostprocessing = 0;
		};
/* End PBXFrameworksBuildPhase section */

/* Begin PBXGroup section */
		775CE47C29B093EC0052C688 /* Location */ = {
			isa = PBXGroup;
			children = (
				775CE47D29B0941E0052C688 /* RMLocationView.swift */,
				775CE48429B0AFD20052C688 /* RMLocationTableViewCell.swift */,
			);
			path = Location;
			sourceTree = "<group>";
		};
		775CE47F29B098260052C688 /* Location */ = {
			isa = PBXGroup;
			children = (
				775CE48029B098420052C688 /* RMLocationViewModel.swift */,
				775CE48629B0B0A30052C688 /* RMLocationTableViewCellViewModel.swift */,
				775CE48D29B0D4ED0052C688 /* RMLocationDetailViewViewModel.swift */,
			);
			path = Location;
			sourceTree = "<group>";
		};
		775CE48A29B0D1AF0052C688 /* LocationDetails */ = {
			isa = PBXGroup;
			children = (
				775CE48B29B0D1D60052C688 /* RMLocationDetailsView.swift */,
			);
			path = LocationDetails;
			sourceTree = "<group>";
		};
		7760CFB029A76A0C0015FB6E = {
			isa = PBXGroup;
			children = (
				7760CFBB29A76A0C0015FB6E /* RickAndMorty */,
				7760CFBA29A76A0C0015FB6E /* Products */,
			);
			sourceTree = "<group>";
		};
		7760CFBA29A76A0C0015FB6E /* Products */ = {
			isa = PBXGroup;
			children = (
				7760CFB929A76A0C0015FB6E /* RickAndMorty.app */,
			);
			name = Products;
			sourceTree = "<group>";
		};
		7760CFBB29A76A0C0015FB6E /* RickAndMorty */ = {
			isa = PBXGroup;
			children = (
				7760CFD629A770760015FB6E /* Resources */,
				7760CFD529A7705D0015FB6E /* APIClients */,
				7760CFD429A7704E0015FB6E /* Managers */,
				7760CFD329A770460015FB6E /* ViewModels */,
				7760CFD229A770400015FB6E /* Views */,
				7760CFD129A770350015FB6E /* Models */,
				7760CFD029A770250015FB6E /* Controllers */,
				7760CFCA29A76A0E0015FB6E /* Info.plist */,
			);
			path = RickAndMorty;
			sourceTree = "<group>";
		};
		7760CFD029A770250015FB6E /* Controllers */ = {
			isa = PBXGroup;
			children = (
				77BCC55229A8E92E00672B14 /* Other */,
				7760CFDD29A773570015FB6E /* Core */,
			);
			path = Controllers;
			sourceTree = "<group>";
		};
		7760CFD129A770350015FB6E /* Models */ = {
			isa = PBXGroup;
			children = (
				77BCC54529A8A41C00672B14 /* APIResponseTypes */,
				77BCC54429A8A40400672B14 /* DataTypes */,
			);
			path = Models;
			sourceTree = "<group>";
		};
		7760CFD229A770400015FB6E /* Views */ = {
			isa = PBXGroup;
			children = (
				775CE48A29B0D1AF0052C688 /* LocationDetails */,
				775CE47C29B093EC0052C688 /* Location */,
				77A9E29029AFDCD0007AD845 /* SwiftUI */,
				77D58D3629AE4492000442E4 /* EpisodeDetail */,
				7796570329ACD47000C9D620 /* Episode */,
				77D19C6729AA1F3A0064B78C /* Character */,
				77D19C6629AA1F280064B78C /* CharacterDetails */,
			);
			path = Views;
			sourceTree = "<group>";
		};
		7760CFD329A770460015FB6E /* ViewModels */ = {
			isa = PBXGroup;
			children = (
				775CE47F29B098260052C688 /* Location */,
				77A9E28929AFCFF8007AD845 /* Settings */,
				77D58D3929AE4503000442E4 /* Episode Detail */,
				77D19C6F29AA1FBC0064B78C /* Character */,
				77D19C6E29AA1FAE0064B78C /* CharacterDetail */,
				7796570629ACD83200C9D620 /* RMEpisodeListViewViewModel.swift */,
			);
			path = ViewModels;
			sourceTree = "<group>";
		};
		7760CFD429A7704E0015FB6E /* Managers */ = {
			isa = PBXGroup;
			children = (
				77946BEC29A94CA9001F2A9A /* RMImageLoader.swift */,
				779656FD29ACBC4E00C9D620 /* RMAPICacheManager.swift */,
			);
			path = Managers;
			sourceTree = "<group>";
		};
		7760CFD529A7705D0015FB6E /* APIClients */ = {
			isa = PBXGroup;
			children = (
				7760CFE629A79D230015FB6E /* RMService.swift */,
				7760CFE829A79D470015FB6E /* RMRequest.swift */,
				7760CFEA29A79DE60015FB6E /* RMEndpoint.swift */,
			);
			path = APIClients;
			sourceTree = "<group>";
		};
		7760CFD629A770760015FB6E /* Resources */ = {
			isa = PBXGroup;
			children = (
				7760CFBC29A76A0C0015FB6E /* AppDelegate.swift */,
				7760CFBE29A76A0C0015FB6E /* SceneDelegate.swift */,
				7760CFC529A76A0E0015FB6E /* Assets.xcassets */,
				7760CFC729A76A0E0015FB6E /* LaunchScreen.storyboard */,
				77BCC54C29A8AE9400672B14 /* Extensions.swift */,
			);
			path = Resources;
			sourceTree = "<group>";
		};
		7760CFDD29A773570015FB6E /* Core */ = {
			isa = PBXGroup;
			children = (
				7760CFC029A76A0C0015FB6E /* RMTabBarController.swift */,
				7760CFDE29A773A50015FB6E /* RMCharacterViewController.swift */,
				7760CFE029A773C40015FB6E /* RMLocationViewController.swift */,
				7760CFE229A773D50015FB6E /* RMEpisodeViewController.swift */,
				7760CFE429A773E90015FB6E /* RMSettingsViewController.swift */,
			);
			path = Core;
			sourceTree = "<group>";
		};
		7796570329ACD47000C9D620 /* Episode */ = {
			isa = PBXGroup;
			children = (
				7796570429ACD48E00C9D620 /* RMEpisodeListView.swift */,
			);
			path = Episode;
			sourceTree = "<group>";
		};
		77A9E28929AFCFF8007AD845 /* Settings */ = {
			isa = PBXGroup;
			children = (
				77A9E28A29AFD020007AD845 /* RMSettingsViewViewModel.swift */,
				77A9E28C29AFD157007AD845 /* RMSettingsCellViewModel.swift */,
				77A9E28E29AFD690007AD845 /* RMSettingsOption.swift */,
			);
			path = Settings;
			sourceTree = "<group>";
		};
		77A9E29029AFDCD0007AD845 /* SwiftUI */ = {
			isa = PBXGroup;
			children = (
				77A9E29129AFDCF2007AD845 /* RMSettingsView.swift */,
			);
			path = SwiftUI;
			sourceTree = "<group>";
		};
		77BCC54429A8A40400672B14 /* DataTypes */ = {
			isa = PBXGroup;
			children = (
				7760CFD729A772BA0015FB6E /* RMLocation.swift */,
				7760CFD929A772C50015FB6E /* RMEpisode.swift */,
				7760CFDB29A772D00015FB6E /* RMCharacter.swift */,
				7760CFEC29A7AAA10015FB6E /* RMOrigin.swift */,
				7760CFEE29A7AB500015FB6E /* RMSingleLocation.swift */,
				7760CFF029A7ACC40015FB6E /* RMCharacterStatus.swift */,
				7760CFF229A7AD340015FB6E /* RMCharacterGender.swift */,
			);
			path = DataTypes;
			sourceTree = "<group>";
		};
		77BCC54529A8A41C00672B14 /* APIResponseTypes */ = {
			isa = PBXGroup;
			children = (
				77BCC54629A8A45100672B14 /* RMGetAllCharactersResponse.swift */,
				7796570829ACDF1000C9D620 /* RMGetAllEpisodesResponse.swift */,
				775CE48229B0AD870052C688 /* RMGetAllLocationsResponse.swift */,
			);
			path = APIResponseTypes;
			sourceTree = "<group>";
		};
		77BCC55229A8E92E00672B14 /* Other */ = {
			isa = PBXGroup;
			children = (
				77BCC55329A8E96500672B14 /* RMCharacterDetailViewController.swift */,
				779656FB29ACB8F600C9D620 /* RMEpisodeDetailViewController.swift */,
				7796570A29ACF46000C9D620 /* RMSearchViewController.swift */,
				775CE48829B0CFB50052C688 /* RMLocationDetailViewController.swift */,
			);
			path = Other;
			sourceTree = "<group>";
		};
		77D19C6629AA1F280064B78C /* CharacterDetails */ = {
			isa = PBXGroup;
			children = (
				77BCC55529A8EA3400672B14 /* RMCharacterDetailView.swift */,
				77D19C6829AA1F6E0064B78C /* RMCharacterPhotoCollectionViewCell.swift */,
				77D19C6A29AA1F880064B78C /* RMCharacterInfoCollectionViewCell.swift */,
				77D19C6C29AA1F970064B78C /* RMCharacterEpisodeCollectionViewCell.swift */,
			);
			path = CharacterDetails;
			sourceTree = "<group>";
		};
		77D19C6729AA1F3A0064B78C /* Character */ = {
			isa = PBXGroup;
			children = (
				77BCC55929A8F32800672B14 /* RMFooterLoadingCollectionReusableView.swift */,
				77BCC54E29A8BEA600672B14 /* RMCharacterCollectionViewCell.swift */,
				77BCC54A29A8A8F100672B14 /* RMCharacterListView.swift */,
			);
			path = Character;
			sourceTree = "<group>";
		};
		77D19C6E29AA1FAE0064B78C /* CharacterDetail */ = {
			isa = PBXGroup;
			children = (
				77BCC55729A8EA5900672B14 /* RMCharacterDetailViewViewModel.swift */,
				77D19C7029AA20160064B78C /* RMCharacterPhotoCollectionViewCellViewModel.swift */,
				77D19C7229AA202C0064B78C /* RMCharacterInfoCollectionViewCellViewModel.swift */,
				77D19C7429AA20430064B78C /* RMCharacterEpisodeCollectionViewCellViewModel.swift */,
			);
			path = CharacterDetail;
			sourceTree = "<group>";
		};
		77D19C6F29AA1FBC0064B78C /* Character */ = {
			isa = PBXGroup;
			children = (
				77BCC54829A8A86D00672B14 /* RMCharacterListViewViewModel.swift */,
				77BCC55029A8BFBC00672B14 /* RMCharacterCollectionViewCellViewModel.swift */,
			);
			path = Character;
			sourceTree = "<group>";
		};
		77D58D3629AE4492000442E4 /* EpisodeDetail */ = {
			isa = PBXGroup;
			children = (
				77D58D3729AE44E0000442E4 /* RMEpisodeInfoCollectionViewCell.swift */,
				7796570129ACC6AC00C9D620 /* RMEpisodeDetailView.swift */,
			);
			path = EpisodeDetail;
			sourceTree = "<group>";
		};
		77D58D3929AE4503000442E4 /* Episode Detail */ = {
			isa = PBXGroup;
			children = (
				779656FF29ACC62900C9D620 /* RMEpisodeDetailViewViewModel.swift */,
				77D58D3A29AE4530000442E4 /* RMEpisodeInfoCollectionViewCellViewModel.swift */,
			);
			path = "Episode Detail";
			sourceTree = "<group>";
		};
/* End PBXGroup section */

/* Begin PBXNativeTarget section */
		7760CFB829A76A0C0015FB6E /* RickAndMorty */ = {
			isa = PBXNativeTarget;
			buildConfigurationList = 7760CFCD29A76A0E0015FB6E /* Build configuration list for PBXNativeTarget "RickAndMorty" */;
			buildPhases = (
				7760CFB529A76A0C0015FB6E /* Sources */,
				7760CFB629A76A0C0015FB6E /* Frameworks */,
				7760CFB729A76A0C0015FB6E /* Resources */,
			);
			buildRules = (
			);
			dependencies = (
			);
			name = RickAndMorty;
			productName = RickAndMorty;
			productReference = 7760CFB929A76A0C0015FB6E /* RickAndMorty.app */;
			productType = "com.apple.product-type.application";
		};
/* End PBXNativeTarget section */

/* Begin PBXProject section */
		7760CFB129A76A0C0015FB6E /* Project object */ = {
			isa = PBXProject;
			attributes = {
				BuildIndependentTargetsInParallel = 1;
				LastSwiftUpdateCheck = 1400;
				LastUpgradeCheck = 1400;
				TargetAttributes = {
					7760CFB829A76A0C0015FB6E = {
						CreatedOnToolsVersion = 14.0;
					};
				};
			};
			buildConfigurationList = 7760CFB429A76A0C0015FB6E /* Build configuration list for PBXProject "RickAndMorty" */;
			compatibilityVersion = "Xcode 14.0";
			developmentRegion = en;
			hasScannedForEncodings = 0;
			knownRegions = (
				en,
				Base,
			);
			mainGroup = 7760CFB029A76A0C0015FB6E;
			productRefGroup = 7760CFBA29A76A0C0015FB6E /* Products */;
			projectDirPath = "";
			projectRoot = "";
			targets = (
				7760CFB829A76A0C0015FB6E /* RickAndMorty */,
			);
		};
/* End PBXProject section */

/* Begin PBXResourcesBuildPhase section */
		7760CFB729A76A0C0015FB6E /* Resources */ = {
			isa = PBXResourcesBuildPhase;
			buildActionMask = 2147483647;
			files = (
				7760CFC929A76A0E0015FB6E /* LaunchScreen.storyboard in Resources */,
				7760CFC629A76A0E0015FB6E /* Assets.xcassets in Resources */,
			);
			runOnlyForDeploymentPostprocessing = 0;
		};
/* End PBXResourcesBuildPhase section */

/* Begin PBXSourcesBuildPhase section */
		7760CFB529A76A0C0015FB6E /* Sources */ = {
			isa = PBXSourcesBuildPhase;
			buildActionMask = 2147483647;
			files = (
				7760CFED29A7AAA10015FB6E /* RMOrigin.swift in Sources */,
				77BCC55829A8EA5900672B14 /* RMCharacterDetailViewViewModel.swift in Sources */,
				7760CFEF29A7AB500015FB6E /* RMSingleLocation.swift in Sources */,
				7796570B29ACF46000C9D620 /* RMSearchViewController.swift in Sources */,
				77BCC54B29A8A8F100672B14 /* RMCharacterListView.swift in Sources */,
				77BCC54729A8A45100672B14 /* RMGetAllCharactersResponse.swift in Sources */,
				7760CFF129A7ACC40015FB6E /* RMCharacterStatus.swift in Sources */,
				7760CFF329A7AD340015FB6E /* RMCharacterGender.swift in Sources */,
				775CE48E29B0D4ED0052C688 /* RMLocationDetailViewViewModel.swift in Sources */,
				77BCC55429A8E96500672B14 /* RMCharacterDetailViewController.swift in Sources */,
				77BCC55A29A8F32800672B14 /* RMFooterLoadingCollectionReusableView.swift in Sources */,
				7796570529ACD48E00C9D620 /* RMEpisodeListView.swift in Sources */,
				7760CFE129A773C40015FB6E /* RMLocationViewController.swift in Sources */,
				7760CFDC29A772D00015FB6E /* RMCharacter.swift in Sources */,
				77D19C6B29AA1F880064B78C /* RMCharacterInfoCollectionViewCell.swift in Sources */,
				77A9E28B29AFD020007AD845 /* RMSettingsViewViewModel.swift in Sources */,
				775CE48529B0AFD20052C688 /* RMLocationTableViewCell.swift in Sources */,
				7760CFC129A76A0C0015FB6E /* RMTabBarController.swift in Sources */,
				77BCC54F29A8BEA600672B14 /* RMCharacterCollectionViewCell.swift in Sources */,
				77D19C7329AA202C0064B78C /* RMCharacterInfoCollectionViewCellViewModel.swift in Sources */,
				77A9E28F29AFD690007AD845 /* RMSettingsOption.swift in Sources */,
				7760CFE329A773D50015FB6E /* RMEpisodeViewController.swift in Sources */,
				775CE48129B098420052C688 /* RMLocationViewModel.swift in Sources */,
				77946BED29A94CA9001F2A9A /* RMImageLoader.swift in Sources */,
				775CE48929B0CFB50052C688 /* RMLocationDetailViewController.swift in Sources */,
				7760CFBD29A76A0C0015FB6E /* AppDelegate.swift in Sources */,
				7760CFDA29A772C50015FB6E /* RMEpisode.swift in Sources */,
				77D19C6929AA1F6E0064B78C /* RMCharacterPhotoCollectionViewCell.swift in Sources */,
				77D19C7529AA20430064B78C /* RMCharacterEpisodeCollectionViewCellViewModel.swift in Sources */,
				77A9E28D29AFD157007AD845 /* RMSettingsCellViewModel.swift in Sources */,
				77A9E29229AFDCF2007AD845 /* RMSettingsView.swift in Sources */,
				7760CFE529A773E90015FB6E /* RMSettingsViewController.swift in Sources */,
				77BCC54D29A8AE9400672B14 /* Extensions.swift in Sources */,
				77D19C7129AA20160064B78C /* RMCharacterPhotoCollectionViewCellViewModel.swift in Sources */,
				775CE48329B0AD870052C688 /* RMGetAllLocationsResponse.swift in Sources */,
				7760CFE729A79D230015FB6E /* RMService.swift in Sources */,
				7760CFBF29A76A0C0015FB6E /* SceneDelegate.swift in Sources */,
				7760CFEB29A79DE60015FB6E /* RMEndpoint.swift in Sources */,
				779656FC29ACB8F600C9D620 /* RMEpisodeDetailViewController.swift in Sources */,
				775CE48729B0B0A30052C688 /* RMLocationTableViewCellViewModel.swift in Sources */,
				7796570229ACC6AC00C9D620 /* RMEpisodeDetailView.swift in Sources */,
				7760CFD829A772BA0015FB6E /* RMLocation.swift in Sources */,
				77BCC55129A8BFBC00672B14 /* RMCharacterCollectionViewCellViewModel.swift in Sources */,
				7760CFE929A79D470015FB6E /* RMRequest.swift in Sources */,
				77BCC54929A8A86D00672B14 /* RMCharacterListViewViewModel.swift in Sources */,
				775CE48C29B0D1D60052C688 /* RMLocationDetailsView.swift in Sources */,
				77D19C6D29AA1F970064B78C /* RMCharacterEpisodeCollectionViewCell.swift in Sources */,
				7760CFDF29A773A50015FB6E /* RMCharacterViewController.swift in Sources */,
				775CE47E29B0941E0052C688 /* RMLocationView.swift in Sources */,
				7796570729ACD83200C9D620 /* RMEpisodeListViewViewModel.swift in Sources */,
				779656FE29ACBC4E00C9D620 /* RMAPICacheManager.swift in Sources */,
				7796570929ACDF1000C9D620 /* RMGetAllEpisodesResponse.swift in Sources */,
				77D58D3B29AE4530000442E4 /* RMEpisodeInfoCollectionViewCellViewModel.swift in Sources */,
				77D58D3829AE44E0000442E4 /* RMEpisodeInfoCollectionViewCell.swift in Sources */,
				7796570029ACC62900C9D620 /* RMEpisodeDetailViewViewModel.swift in Sources */,
				77BCC55629A8EA3400672B14 /* RMCharacterDetailView.swift in Sources */,
			);
			runOnlyForDeploymentPostprocessing = 0;
		};
/* End PBXSourcesBuildPhase section */

/* Begin PBXVariantGroup section */
		7760CFC729A76A0E0015FB6E /* LaunchScreen.storyboard */ = {
			isa = PBXVariantGroup;
			children = (
				7760CFC829A76A0E0015FB6E /* Base */,
			);
			name = LaunchScreen.storyboard;
			sourceTree = "<group>";
		};
/* End PBXVariantGroup section */

/* Begin XCBuildConfiguration section */
		7760CFCB29A76A0E0015FB6E /* Debug */ = {
			isa = XCBuildConfiguration;
			buildSettings = {
				ALWAYS_SEARCH_USER_PATHS = NO;
				CLANG_ANALYZER_NONNULL = YES;
				CLANG_ANALYZER_NUMBER_OBJECT_CONVERSION = YES_AGGRESSIVE;
				CLANG_CXX_LANGUAGE_STANDARD = "gnu++20";
				CLANG_ENABLE_MODULES = YES;
				CLANG_ENABLE_OBJC_ARC = YES;
				CLANG_ENABLE_OBJC_WEAK = YES;
				CLANG_WARN_BLOCK_CAPTURE_AUTORELEASING = YES;
				CLANG_WARN_BOOL_CONVERSION = YES;
				CLANG_WARN_COMMA = YES;
				CLANG_WARN_CONSTANT_CONVERSION = YES;
				CLANG_WARN_DEPRECATED_OBJC_IMPLEMENTATIONS = YES;
				CLANG_WARN_DIRECT_OBJC_ISA_USAGE = YES_ERROR;
				CLANG_WARN_DOCUMENTATION_COMMENTS = YES;
				CLANG_WARN_EMPTY_BODY = YES;
				CLANG_WARN_ENUM_CONVERSION = YES;
				CLANG_WARN_INFINITE_RECURSION = YES;
				CLANG_WARN_INT_CONVERSION = YES;
				CLANG_WARN_NON_LITERAL_NULL_CONVERSION = YES;
				CLANG_WARN_OBJC_IMPLICIT_RETAIN_SELF = YES;
				CLANG_WARN_OBJC_LITERAL_CONVERSION = YES;
				CLANG_WARN_OBJC_ROOT_CLASS = YES_ERROR;
				CLANG_WARN_QUOTED_INCLUDE_IN_FRAMEWORK_HEADER = YES;
				CLANG_WARN_RANGE_LOOP_ANALYSIS = YES;
				CLANG_WARN_STRICT_PROTOTYPES = YES;
				CLANG_WARN_SUSPICIOUS_MOVE = YES;
				CLANG_WARN_UNGUARDED_AVAILABILITY = YES_AGGRESSIVE;
				CLANG_WARN_UNREACHABLE_CODE = YES;
				CLANG_WARN__DUPLICATE_METHOD_MATCH = YES;
				COPY_PHASE_STRIP = NO;
				DEBUG_INFORMATION_FORMAT = dwarf;
				ENABLE_STRICT_OBJC_MSGSEND = YES;
				ENABLE_TESTABILITY = YES;
				GCC_C_LANGUAGE_STANDARD = gnu11;
				GCC_DYNAMIC_NO_PIC = NO;
				GCC_NO_COMMON_BLOCKS = YES;
				GCC_OPTIMIZATION_LEVEL = 0;
				GCC_PREPROCESSOR_DEFINITIONS = (
					"DEBUG=1",
					"$(inherited)",
				);
				GCC_WARN_64_TO_32_BIT_CONVERSION = YES;
				GCC_WARN_ABOUT_RETURN_TYPE = YES_ERROR;
				GCC_WARN_UNDECLARED_SELECTOR = YES;
				GCC_WARN_UNINITIALIZED_AUTOS = YES_AGGRESSIVE;
				GCC_WARN_UNUSED_FUNCTION = YES;
				GCC_WARN_UNUSED_VARIABLE = YES;
				IPHONEOS_DEPLOYMENT_TARGET = 16.0;
				MTL_ENABLE_DEBUG_INFO = INCLUDE_SOURCE;
				MTL_FAST_MATH = YES;
				ONLY_ACTIVE_ARCH = YES;
				SDKROOT = iphoneos;
				SWIFT_ACTIVE_COMPILATION_CONDITIONS = DEBUG;
				SWIFT_OPTIMIZATION_LEVEL = "-Onone";
			};
			name = Debug;
		};
		7760CFCC29A76A0E0015FB6E /* Release */ = {
			isa = XCBuildConfiguration;
			buildSettings = {
				ALWAYS_SEARCH_USER_PATHS = NO;
				CLANG_ANALYZER_NONNULL = YES;
				CLANG_ANALYZER_NUMBER_OBJECT_CONVERSION = YES_AGGRESSIVE;
				CLANG_CXX_LANGUAGE_STANDARD = "gnu++20";
				CLANG_ENABLE_MODULES = YES;
				CLANG_ENABLE_OBJC_ARC = YES;
				CLANG_ENABLE_OBJC_WEAK = YES;
				CLANG_WARN_BLOCK_CAPTURE_AUTORELEASING = YES;
				CLANG_WARN_BOOL_CONVERSION = YES;
				CLANG_WARN_COMMA = YES;
				CLANG_WARN_CONSTANT_CONVERSION = YES;
				CLANG_WARN_DEPRECATED_OBJC_IMPLEMENTATIONS = YES;
				CLANG_WARN_DIRECT_OBJC_ISA_USAGE = YES_ERROR;
				CLANG_WARN_DOCUMENTATION_COMMENTS = YES;
				CLANG_WARN_EMPTY_BODY = YES;
				CLANG_WARN_ENUM_CONVERSION = YES;
				CLANG_WARN_INFINITE_RECURSION = YES;
				CLANG_WARN_INT_CONVERSION = YES;
				CLANG_WARN_NON_LITERAL_NULL_CONVERSION = YES;
				CLANG_WARN_OBJC_IMPLICIT_RETAIN_SELF = YES;
				CLANG_WARN_OBJC_LITERAL_CONVERSION = YES;
				CLANG_WARN_OBJC_ROOT_CLASS = YES_ERROR;
				CLANG_WARN_QUOTED_INCLUDE_IN_FRAMEWORK_HEADER = YES;
				CLANG_WARN_RANGE_LOOP_ANALYSIS = YES;
				CLANG_WARN_STRICT_PROTOTYPES = YES;
				CLANG_WARN_SUSPICIOUS_MOVE = YES;
				CLANG_WARN_UNGUARDED_AVAILABILITY = YES_AGGRESSIVE;
				CLANG_WARN_UNREACHABLE_CODE = YES;
				CLANG_WARN__DUPLICATE_METHOD_MATCH = YES;
				COPY_PHASE_STRIP = NO;
				DEBUG_INFORMATION_FORMAT = "dwarf-with-dsym";
				ENABLE_NS_ASSERTIONS = NO;
				ENABLE_STRICT_OBJC_MSGSEND = YES;
				GCC_C_LANGUAGE_STANDARD = gnu11;
				GCC_NO_COMMON_BLOCKS = YES;
				GCC_WARN_64_TO_32_BIT_CONVERSION = YES;
				GCC_WARN_ABOUT_RETURN_TYPE = YES_ERROR;
				GCC_WARN_UNDECLARED_SELECTOR = YES;
				GCC_WARN_UNINITIALIZED_AUTOS = YES_AGGRESSIVE;
				GCC_WARN_UNUSED_FUNCTION = YES;
				GCC_WARN_UNUSED_VARIABLE = YES;
				IPHONEOS_DEPLOYMENT_TARGET = 16.0;
				MTL_ENABLE_DEBUG_INFO = NO;
				MTL_FAST_MATH = YES;
				SDKROOT = iphoneos;
				SWIFT_COMPILATION_MODE = wholemodule;
				SWIFT_OPTIMIZATION_LEVEL = "-O";
				VALIDATE_PRODUCT = YES;
			};
			name = Release;
		};
		7760CFCE29A76A0E0015FB6E /* Debug */ = {
			isa = XCBuildConfiguration;
			buildSettings = {
				ASSETCATALOG_COMPILER_APPICON_NAME = AppIcon;
				ASSETCATALOG_COMPILER_GLOBAL_ACCENT_COLOR_NAME = AccentColor;
				CODE_SIGN_STYLE = Automatic;
				CURRENT_PROJECT_VERSION = 1;
				DEVELOPMENT_TEAM = 583V6D744G;
				GENERATE_INFOPLIST_FILE = YES;
				INFOPLIST_FILE = RickAndMorty/Info.plist;
				INFOPLIST_KEY_CFBundleDisplayName = "Rick & Morty";
				INFOPLIST_KEY_UIApplicationSupportsIndirectInputEvents = YES;
				INFOPLIST_KEY_UILaunchStoryboardName = LaunchScreen;
				INFOPLIST_KEY_UISupportedInterfaceOrientations_iPad = "UIInterfaceOrientationPortrait UIInterfaceOrientationPortraitUpsideDown UIInterfaceOrientationLandscapeLeft UIInterfaceOrientationLandscapeRight";
				INFOPLIST_KEY_UISupportedInterfaceOrientations_iPhone = "UIInterfaceOrientationPortrait UIInterfaceOrientationLandscapeLeft UIInterfaceOrientationLandscapeRight";
				LD_RUNPATH_SEARCH_PATHS = (
					"$(inherited)",
					"@executable_path/Frameworks",
				);
				MARKETING_VERSION = 1.0;
				PRODUCT_BUNDLE_IDENTIFIER = com.pelin.RickAndMorty;
				PRODUCT_NAME = "$(TARGET_NAME)";
				SWIFT_EMIT_LOC_STRINGS = YES;
				SWIFT_VERSION = 5.0;
				TARGETED_DEVICE_FAMILY = "1,2";
			};
			name = Debug;
		};
		7760CFCF29A76A0E0015FB6E /* Release */ = {
			isa = XCBuildConfiguration;
			buildSettings = {
				ASSETCATALOG_COMPILER_APPICON_NAME = AppIcon;
				ASSETCATALOG_COMPILER_GLOBAL_ACCENT_COLOR_NAME = AccentColor;
				CODE_SIGN_STYLE = Automatic;
				CURRENT_PROJECT_VERSION = 1;
				DEVELOPMENT_TEAM = 583V6D744G;
				GENERATE_INFOPLIST_FILE = YES;
				INFOPLIST_FILE = RickAndMorty/Info.plist;
				INFOPLIST_KEY_CFBundleDisplayName = "Rick & Morty";
				INFOPLIST_KEY_UIApplicationSupportsIndirectInputEvents = YES;
				INFOPLIST_KEY_UILaunchStoryboardName = LaunchScreen;
				INFOPLIST_KEY_UISupportedInterfaceOrientations_iPad = "UIInterfaceOrientationPortrait UIInterfaceOrientationPortraitUpsideDown UIInterfaceOrientationLandscapeLeft UIInterfaceOrientationLandscapeRight";
				INFOPLIST_KEY_UISupportedInterfaceOrientations_iPhone = "UIInterfaceOrientationPortrait UIInterfaceOrientationLandscapeLeft UIInterfaceOrientationLandscapeRight";
				LD_RUNPATH_SEARCH_PATHS = (
					"$(inherited)",
					"@executable_path/Frameworks",
				);
				MARKETING_VERSION = 1.0;
				PRODUCT_BUNDLE_IDENTIFIER = com.pelin.RickAndMorty;
				PRODUCT_NAME = "$(TARGET_NAME)";
				SWIFT_EMIT_LOC_STRINGS = YES;
				SWIFT_VERSION = 5.0;
				TARGETED_DEVICE_FAMILY = "1,2";
			};
			name = Release;
		};
/* End XCBuildConfiguration section */

/* Begin XCConfigurationList section */
		7760CFB429A76A0C0015FB6E /* Build configuration list for PBXProject "RickAndMorty" */ = {
			isa = XCConfigurationList;
			buildConfigurations = (
				7760CFCB29A76A0E0015FB6E /* Debug */,
				7760CFCC29A76A0E0015FB6E /* Release */,
			);
			defaultConfigurationIsVisible = 0;
			defaultConfigurationName = Release;
		};
		7760CFCD29A76A0E0015FB6E /* Build configuration list for PBXNativeTarget "RickAndMorty" */ = {
			isa = XCConfigurationList;
			buildConfigurations = (
				7760CFCE29A76A0E0015FB6E /* Debug */,
				7760CFCF29A76A0E0015FB6E /* Release */,
			);
			defaultConfigurationIsVisible = 0;
			defaultConfigurationName = Release;
		};
/* End XCConfigurationList section */
	};
	rootObject = 7760CFB129A76A0C0015FB6E /* Project object */;
}
